
Microsoft Visual Studio Solution File, Format Version 12.00
# Visual Studio 15
VisualStudioVersion = 15.0.26730.12
MinimumVisualStudioVersion = 10.0.40219.1
Project("{FAE04EC0-301F-11D3-BF4B-00C04F79EFBC}") = "MyFileBrowser", "MyFileBrowser\MyFileBrowser.csproj", "{37269F1C-9D6F-4D05-A67F-67130D5C20BA}"
EndProject
Global
	GlobalSection(SolutionConfigurationPlatforms) = preSolution
		Debug|Any CPU = Debug|Any CPU
		Release|Any CPU = Release|Any CPU
	EndGlobalSection
	GlobalSection(ProjectConfigurationPlatforms) = postSolution
		{37269F1C-9D6F-4D05-A67F-67130D5C20BA}.Debug|Any CPU.ActiveCfg = Debug|Any CPU
		{37269F1C-9D6F-4D05-A67F-67130D5C20BA}.Debug|Any CPU.Build.0 = Debug|Any CPU
		{37269F1C-9D6F-4D05-A67F-67130D5C20BA}.Release|Any CPU.ActiveCfg = Release|Any CPU
		{37269F1C-9D6F-4D05-A67F-67130D5C20BA}.Release|Any CPU.Build.0 = Release|Any CPU
	EndGlobalSection
	GlobalSection(SolutionProperties) = preSolution
		HideSolutionNode = FALSE
	EndGlobalSection
	GlobalSection(ExtensibilityGlobals) = postSolution
		SolutionGuid = {53C2EAC9-4898-4DF2-A153-5E6F3BDF4F00}
	EndGlobalSection
EndGlobal
